
Microsoft Visual Studio Solution File, Format Version 12.00
# Visual Studio 15
VisualStudioVersion = 15.0.28307.902
MinimumVisualStudioVersion = 10.0.40219.1
Project("{FAE04EC0-301F-11D3-BF4B-00C04F79EFBC}") = "WEMCompilerTool", "WEMCompilerTool\WEMCompilerTool.csproj", "{AA43226B-F78B-489F-B62C-41EFA8947556}"
EndProject
Project("{FAE04EC0-301F-11D3-BF4B-00C04F79EFBC}") = "WEMCompiler", "WEMCompiler\WEMCompiler.csproj", "{FAE05FC9-6A3A-4AC9-BEF2-4B5DD8D977E3}"
EndProject
Global
	GlobalSection(SolutionConfigurationPlatforms) = preSolution
		Debug|Any CPU = Debug|Any CPU
		Release|Any CPU = Release|Any CPU
	EndGlobalSection
	GlobalSection(ProjectConfigurationPlatforms) = postSolution
		{AA43226B-F78B-489F-B62C-41EFA8947556}.Debug|Any CPU.ActiveCfg = Debug|Any CPU
		{AA43226B-F78B-489F-B62C-41EFA8947556}.Debug|Any CPU.Build.0 = Debug|Any CPU
		{AA43226B-F78B-489F-B62C-41EFA8947556}.Release|Any CPU.ActiveCfg = Release|Any CPU
		{AA43226B-F78B-489F-B62C-41EFA8947556}.Release|Any CPU.Build.0 = Release|Any CPU
		{FAE05FC9-6A3A-4AC9-BEF2-4B5DD8D977E3}.Debug|Any CPU.ActiveCfg = Debug|Any CPU
		{FAE05FC9-6A3A-4AC9-BEF2-4B5DD8D977E3}.Debug|Any CPU.Build.0 = Debug|Any CPU
		{FAE05FC9-6A3A-4AC9-BEF2-4B5DD8D977E3}.Release|Any CPU.ActiveCfg = Release|Any CPU
		{FAE05FC9-6A3A-4AC9-BEF2-4B5DD8D977E3}.Release|Any CPU.Build.0 = Release|Any CPU
	EndGlobalSection
	GlobalSection(SolutionProperties) = preSolution
		HideSolutionNode = FALSE
	EndGlobalSection
	GlobalSection(ExtensibilityGlobals) = postSolution
		SolutionGuid = {DC77F984-06AA-4768-9444-927530C18C20}
	EndGlobalSection
EndGlobal
